
Microsoft Visual Studio Solution File, Format Version 12.00
# Visual Studio 15
VisualStudioVersion = 15.0.28307.271
MinimumVisualStudioVersion = 10.0.40219.1
Project("{FAE04EC0-301F-11D3-BF4B-00C04F79EFBC}") = "Tarea5", "Tarea5\Tarea5.csproj", "{4D512113-5E6A-4BD8-9ECB-EC1E8A136D88}"
EndProject
Global
	GlobalSection(SolutionConfigurationPlatforms) = preSolution
		Debug|Any CPU = Debug|Any CPU
		Release|Any CPU = Release|Any CPU
	EndGlobalSection
	GlobalSection(ProjectConfigurationPlatforms) = postSolution
		{4D512113-5E6A-4BD8-9ECB-EC1E8A136D88}.Debug|Any CPU.ActiveCfg = Debug|Any CPU
		{4D512113-5E6A-4BD8-9ECB-EC1E8A136D88}.Debug|Any CPU.Build.0 = Debug|Any CPU
		{4D512113-5E6A-4BD8-9ECB-EC1E8A136D88}.Release|Any CPU.ActiveCfg = Release|Any CPU
		{4D512113-5E6A-4BD8-9ECB-EC1E8A136D88}.Release|Any CPU.Build.0 = Release|Any CPU
	EndGlobalSection
	GlobalSection(SolutionProperties) = preSolution
		HideSolutionNode = FALSE
	EndGlobalSection
	GlobalSection(ExtensibilityGlobals) = postSolution
		SolutionGuid = {56FD6B53-6C40-44EA-8B43-0D1DD4791A37}
	EndGlobalSection
EndGlobal
